
Microsoft Visual Studio Solution File, Format Version 12.00
# Visual Studio 14
VisualStudioVersion = 14.0.25420.1
MinimumVisualStudioVersion = 10.0.40219.1
Project("{FAE04EC0-301F-11D3-BF4B-00C04F79EFBC}") = "ExcelDnaExample", "ExcelDnaExample\ExcelDnaExample.csproj", "{ECB915E3-D3FB-48E8-B906-6E06B0994FC4}"
EndProject
Project("{FAE04EC0-301F-11D3-BF4B-00C04F79EFBC}") = "FormsApplication", "FormsApplication\FormsApplication.csproj", "{29FC6DC1-B9E2-471F-8AA3-9F93363F55DD}"
EndProject
Project("{FAE04EC0-301F-11D3-BF4B-00C04F79EFBC}") = "FormsApplication.Services", "FormsApplication.Services\FormsApplication.Services.csproj", "{DF29513B-2C81-48D9-97CD-45CC17AFB5D2}"
EndProject
Project("{FAE04EC0-301F-11D3-BF4B-00C04F79EFBC}") = "FormsApplication.BrowserClient", "FormsApplication.BrowserClient\FormsApplication.BrowserClient.csproj", "{7547CFB2-5923-40D1-9645-903644D34E92}"
EndProject
Global
	GlobalSection(SolutionConfigurationPlatforms) = preSolution
		Debug|Any CPU = Debug|Any CPU
		Debug|x86 = Debug|x86
		Release|Any CPU = Release|Any CPU
		Release|x86 = Release|x86
	EndGlobalSection
	GlobalSection(ProjectConfigurationPlatforms) = postSolution
		{ECB915E3-D3FB-48E8-B906-6E06B0994FC4}.Debug|Any CPU.ActiveCfg = Debug|x86
		{ECB915E3-D3FB-48E8-B906-6E06B0994FC4}.Debug|Any CPU.Build.0 = Debug|x86
		{ECB915E3-D3FB-48E8-B906-6E06B0994FC4}.Debug|x86.ActiveCfg = Debug|x86
		{ECB915E3-D3FB-48E8-B906-6E06B0994FC4}.Debug|x86.Build.0 = Debug|x86
		{ECB915E3-D3FB-48E8-B906-6E06B0994FC4}.Release|Any CPU.ActiveCfg = Release|x86
		{ECB915E3-D3FB-48E8-B906-6E06B0994FC4}.Release|Any CPU.Build.0 = Release|x86
		{ECB915E3-D3FB-48E8-B906-6E06B0994FC4}.Release|x86.ActiveCfg = Release|x86
		{ECB915E3-D3FB-48E8-B906-6E06B0994FC4}.Release|x86.Build.0 = Release|x86
		{29FC6DC1-B9E2-471F-8AA3-9F93363F55DD}.Debug|Any CPU.ActiveCfg = Debug|Any CPU
		{29FC6DC1-B9E2-471F-8AA3-9F93363F55DD}.Debug|Any CPU.Build.0 = Debug|Any CPU
		{29FC6DC1-B9E2-471F-8AA3-9F93363F55DD}.Debug|x86.ActiveCfg = Debug|Any CPU
		{29FC6DC1-B9E2-471F-8AA3-9F93363F55DD}.Debug|x86.Build.0 = Debug|Any CPU
		{29FC6DC1-B9E2-471F-8AA3-9F93363F55DD}.Release|Any CPU.ActiveCfg = Release|Any CPU
		{29FC6DC1-B9E2-471F-8AA3-9F93363F55DD}.Release|Any CPU.Build.0 = Release|Any CPU
		{29FC6DC1-B9E2-471F-8AA3-9F93363F55DD}.Release|x86.ActiveCfg = Release|Any CPU
		{29FC6DC1-B9E2-471F-8AA3-9F93363F55DD}.Release|x86.Build.0 = Release|Any CPU
		{DF29513B-2C81-48D9-97CD-45CC17AFB5D2}.Debug|Any CPU.ActiveCfg = Debug|Any CPU
		{DF29513B-2C81-48D9-97CD-45CC17AFB5D2}.Debug|Any CPU.Build.0 = Debug|Any CPU
		{DF29513B-2C81-48D9-97CD-45CC17AFB5D2}.Debug|x86.ActiveCfg = Debug|Any CPU
		{DF29513B-2C81-48D9-97CD-45CC17AFB5D2}.Debug|x86.Build.0 = Debug|Any CPU
		{DF29513B-2C81-48D9-97CD-45CC17AFB5D2}.Release|Any CPU.ActiveCfg = Release|Any CPU
		{DF29513B-2C81-48D9-97CD-45CC17AFB5D2}.Release|Any CPU.Build.0 = Release|Any CPU
		{DF29513B-2C81-48D9-97CD-45CC17AFB5D2}.Release|x86.ActiveCfg = Release|Any CPU
		{DF29513B-2C81-48D9-97CD-45CC17AFB5D2}.Release|x86.Build.0 = Release|Any CPU
		{7547CFB2-5923-40D1-9645-903644D34E92}.Debug|Any CPU.ActiveCfg = Debug|x86
		{7547CFB2-5923-40D1-9645-903644D34E92}.Debug|x86.ActiveCfg = Debug|x86
		{7547CFB2-5923-40D1-9645-903644D34E92}.Debug|x86.Build.0 = Debug|x86
		{7547CFB2-5923-40D1-9645-903644D34E92}.Release|Any CPU.ActiveCfg = Release|x86
		{7547CFB2-5923-40D1-9645-903644D34E92}.Release|x86.ActiveCfg = Release|x86
		{7547CFB2-5923-40D1-9645-903644D34E92}.Release|x86.Build.0 = Release|x86
	EndGlobalSection
	GlobalSection(SolutionProperties) = preSolution
		HideSolutionNode = FALSE
	EndGlobalSection
EndGlobal
